
Microsoft Visual Studio Solution File, Format Version 12.00
Project("{FAE04EC0-301F-11D3-BF4B-00C04F79EFBC}") = "Finnimon.Math", "Finnimon.Math\Finnimon.Math.csproj", "{EFF18FFA-6FEA-4186-849E-EEB9D8AF0ADC}"
EndProject
Project("{FAE04EC0-301F-11D3-BF4B-00C04F79EFBC}") = "Finnimon.Stl", "Finnimon.Stl\Finnimon.Stl.csproj", "{22592F7C-156F-43A0-8FA7-796717D5E366}"
EndProject
Project("{FAE04EC0-301F-11D3-BF4B-00C04F79EFBC}") = "Finnimon.Math.Test", "Finnimon.Math.Test\Finnimon.Math.Test.csproj", "{4B9AEA39-C262-4B5C-8E58-86CCBD892BF5}"
EndProject
Project("{FAE04EC0-301F-11D3-BF4B-00C04F79EFBC}") = "Finnimon.Stl.Test", "Finnimon.Stl.Test\Finnimon.Stl.Test.csproj", "{5D79992D-C15C-4558-B32C-469195195F02}"
EndProject
Project("{FAE04EC0-301F-11D3-BF4B-00C04F79EFBC}") = "Finnimon.Avalonia3D", "Finnimon.Avalonia3D\Finnimon.Avalonia3D.csproj", "{86D81843-3A31-467A-AEF2-C4832D0C8327}"
EndProject
Project("{FAE04EC0-301F-11D3-BF4B-00C04F79EFBC}") = "Finnimon.Stl.UI.Simple", "Finnimon.Stl.UI.Simple\Finnimon.Stl.UI.Simple.csproj", "{50A33396-9DB6-41F8-8935-0E7F26A025A3}"
EndProject
Project("{FAE04EC0-301F-11D3-BF4B-00C04F79EFBC}") = "Finnimon.Stl.Cli", "Finnimon.Stl.Cli\Finnimon.Stl.Cli.csproj", "{C1693A48-26B7-4C20-AFD4-F199D50CAA07}"
EndProject
Project("{FAE04EC0-301F-11D3-BF4B-00C04F79EFBC}") = "Finnimon.Stl.Net", "Finnimon.Stl.Net\Finnimon.Stl.Net.csproj", "{839C2F3E-94C6-4CDA-8DD9-4A0EAD2DB4B4}"
EndProject
Project("{FAE04EC0-301F-11D3-BF4B-00C04F79EFBC}") = "Finnimon.Stl.Benchmark", "Finnimon.Stl.Benchmark\Finnimon.Stl.Benchmark.csproj", "{36A82CCE-7B83-4207-9AB4-AABB19106EF0}"
EndProject
Project("{FAE04EC0-301F-11D3-BF4B-00C04F79EFBC}") = "Finnimon.Extensions", "Finnimon.Extensions\Finnimon.Extensions.csproj", "{2AE4BA15-3DCC-4DEE-AE6B-E5301608F347}"
EndProject
Global
	GlobalSection(SolutionConfigurationPlatforms) = preSolution
		Debug|Any CPU = Debug|Any CPU
		Release|Any CPU = Release|Any CPU
	EndGlobalSection
	GlobalSection(ProjectConfigurationPlatforms) = postSolution
		{EFF18FFA-6FEA-4186-849E-EEB9D8AF0ADC}.Debug|Any CPU.ActiveCfg = Debug|Any CPU
		{EFF18FFA-6FEA-4186-849E-EEB9D8AF0ADC}.Debug|Any CPU.Build.0 = Debug|Any CPU
		{EFF18FFA-6FEA-4186-849E-EEB9D8AF0ADC}.Release|Any CPU.ActiveCfg = Release|Any CPU
		{EFF18FFA-6FEA-4186-849E-EEB9D8AF0ADC}.Release|Any CPU.Build.0 = Release|Any CPU
		{22592F7C-156F-43A0-8FA7-796717D5E366}.Debug|Any CPU.ActiveCfg = Debug|Any CPU
		{22592F7C-156F-43A0-8FA7-796717D5E366}.Debug|Any CPU.Build.0 = Debug|Any CPU
		{22592F7C-156F-43A0-8FA7-796717D5E366}.Release|Any CPU.ActiveCfg = Release|Any CPU
		{22592F7C-156F-43A0-8FA7-796717D5E366}.Release|Any CPU.Build.0 = Release|Any CPU
		{4B9AEA39-C262-4B5C-8E58-86CCBD892BF5}.Debug|Any CPU.ActiveCfg = Debug|Any CPU
		{4B9AEA39-C262-4B5C-8E58-86CCBD892BF5}.Debug|Any CPU.Build.0 = Debug|Any CPU
		{4B9AEA39-C262-4B5C-8E58-86CCBD892BF5}.Release|Any CPU.ActiveCfg = Release|Any CPU
		{4B9AEA39-C262-4B5C-8E58-86CCBD892BF5}.Release|Any CPU.Build.0 = Release|Any CPU
		{5D79992D-C15C-4558-B32C-469195195F02}.Debug|Any CPU.ActiveCfg = Debug|Any CPU
		{5D79992D-C15C-4558-B32C-469195195F02}.Debug|Any CPU.Build.0 = Debug|Any CPU
		{5D79992D-C15C-4558-B32C-469195195F02}.Release|Any CPU.ActiveCfg = Release|Any CPU
		{5D79992D-C15C-4558-B32C-469195195F02}.Release|Any CPU.Build.0 = Release|Any CPU
		{86D81843-3A31-467A-AEF2-C4832D0C8327}.Debug|Any CPU.ActiveCfg = Debug|Any CPU
		{86D81843-3A31-467A-AEF2-C4832D0C8327}.Debug|Any CPU.Build.0 = Debug|Any CPU
		{86D81843-3A31-467A-AEF2-C4832D0C8327}.Release|Any CPU.ActiveCfg = Release|Any CPU
		{86D81843-3A31-467A-AEF2-C4832D0C8327}.Release|Any CPU.Build.0 = Release|Any CPU
		{50A33396-9DB6-41F8-8935-0E7F26A025A3}.Debug|Any CPU.ActiveCfg = Debug|Any CPU
		{50A33396-9DB6-41F8-8935-0E7F26A025A3}.Debug|Any CPU.Build.0 = Debug|Any CPU
		{50A33396-9DB6-41F8-8935-0E7F26A025A3}.Release|Any CPU.ActiveCfg = Release|Any CPU
		{50A33396-9DB6-41F8-8935-0E7F26A025A3}.Release|Any CPU.Build.0 = Release|Any CPU
		{C1693A48-26B7-4C20-AFD4-F199D50CAA07}.Debug|Any CPU.ActiveCfg = Debug|Any CPU
		{C1693A48-26B7-4C20-AFD4-F199D50CAA07}.Debug|Any CPU.Build.0 = Debug|Any CPU
		{C1693A48-26B7-4C20-AFD4-F199D50CAA07}.Release|Any CPU.ActiveCfg = Release|Any CPU
		{C1693A48-26B7-4C20-AFD4-F199D50CAA07}.Release|Any CPU.Build.0 = Release|Any CPU
		{839C2F3E-94C6-4CDA-8DD9-4A0EAD2DB4B4}.Debug|Any CPU.ActiveCfg = Debug|Any CPU
		{839C2F3E-94C6-4CDA-8DD9-4A0EAD2DB4B4}.Debug|Any CPU.Build.0 = Debug|Any CPU
		{839C2F3E-94C6-4CDA-8DD9-4A0EAD2DB4B4}.Release|Any CPU.ActiveCfg = Release|Any CPU
		{839C2F3E-94C6-4CDA-8DD9-4A0EAD2DB4B4}.Release|Any CPU.Build.0 = Release|Any CPU
		{36A82CCE-7B83-4207-9AB4-AABB19106EF0}.Debug|Any CPU.ActiveCfg = Debug|Any CPU
		{36A82CCE-7B83-4207-9AB4-AABB19106EF0}.Debug|Any CPU.Build.0 = Debug|Any CPU
		{36A82CCE-7B83-4207-9AB4-AABB19106EF0}.Release|Any CPU.ActiveCfg = Release|Any CPU
		{36A82CCE-7B83-4207-9AB4-AABB19106EF0}.Release|Any CPU.Build.0 = Release|Any CPU
		{2AE4BA15-3DCC-4DEE-AE6B-E5301608F347}.Debug|Any CPU.ActiveCfg = Debug|Any CPU
		{2AE4BA15-3DCC-4DEE-AE6B-E5301608F347}.Debug|Any CPU.Build.0 = Debug|Any CPU
		{2AE4BA15-3DCC-4DEE-AE6B-E5301608F347}.Release|Any CPU.ActiveCfg = Release|Any CPU
		{2AE4BA15-3DCC-4DEE-AE6B-E5301608F347}.Release|Any CPU.Build.0 = Release|Any CPU
	EndGlobalSection
EndGlobal
